// !$*UTF8*$!
{
	archiveVersion = 1;
	classes = {
	};
	objectVersion = 56;
	objects = {

/* Begin PBXBuildFile section */
		71306CAC29DACE3A007A5320 /* AppDelegate.swift in Sources */ = {isa = PBXBuildFile; fileRef = 71306CAB29DACE3A007A5320 /* AppDelegate.swift */; };
		71306CAE29DACE3A007A5320 /* SceneDelegate.swift in Sources */ = {isa = PBXBuildFile; fileRef = 71306CAD29DACE3A007A5320 /* SceneDelegate.swift */; };
		71306CB629DACE3A007A5320 /* HammerTest.xcdatamodeld in Sources */ = {isa = PBXBuildFile; fileRef = 71306CB429DACE3A007A5320 /* HammerTest.xcdatamodeld */; };
		71306CB829DACE3D007A5320 /* Assets.xcassets in Resources */ = {isa = PBXBuildFile; fileRef = 71306CB729DACE3D007A5320 /* Assets.xcassets */; };
		71306CBB29DACE3D007A5320 /* LaunchScreen.storyboard in Resources */ = {isa = PBXBuildFile; fileRef = 71306CB929DACE3D007A5320 /* LaunchScreen.storyboard */; };
		71306CC329DAED5A007A5320 /* Food.swift in Sources */ = {isa = PBXBuildFile; fileRef = 71306CC229DAED5A007A5320 /* Food.swift */; };
		71306CC929DAF1FA007A5320 /* Alamofire in Frameworks */ = {isa = PBXBuildFile; productRef = 71306CC829DAF1FA007A5320 /* Alamofire */; };
		71306CCC29DAF20D007A5320 /* SnapKit in Frameworks */ = {isa = PBXBuildFile; productRef = 71306CCB29DAF20D007A5320 /* SnapKit */; };
		71306CD129DAF277007A5320 /* TabBarController.swift in Sources */ = {isa = PBXBuildFile; fileRef = 71306CD029DAF277007A5320 /* TabBarController.swift */; };
		71306CD629DAF992007A5320 /* NetworkService.swift in Sources */ = {isa = PBXBuildFile; fileRef = 71306CD529DAF992007A5320 /* NetworkService.swift */; };
		71306CD829DAFCB1007A5320 /* Categories.swift in Sources */ = {isa = PBXBuildFile; fileRef = 71306CD729DAFCB1007A5320 /* Categories.swift */; };
		71306CDB29DB0F68007A5320 /* MenuViewController.swift in Sources */ = {isa = PBXBuildFile; fileRef = 71306CDA29DB0F68007A5320 /* MenuViewController.swift */; };
		71306CDD29DB0F75007A5320 /* MenuPresenter.swift in Sources */ = {isa = PBXBuildFile; fileRef = 71306CDC29DB0F75007A5320 /* MenuPresenter.swift */; };
		71306CE129DB23CA007A5320 /* CityButtonView.swift in Sources */ = {isa = PBXBuildFile; fileRef = 71306CE029DB23CA007A5320 /* CityButtonView.swift */; };
		71306CE329DB4C8C007A5320 /* ListSections.swift in Sources */ = {isa = PBXBuildFile; fileRef = 71306CE229DB4C8C007A5320 /* ListSections.swift */; };
		71306CE629DB6B87007A5320 /* BannerCellView.swift in Sources */ = {isa = PBXBuildFile; fileRef = 71306CE529DB6B87007A5320 /* BannerCellView.swift */; };
		71306CE829DB6CA3007A5320 /* CategoryCellView.swift in Sources */ = {isa = PBXBuildFile; fileRef = 71306CE729DB6CA3007A5320 /* CategoryCellView.swift */; };
/* End PBXBuildFile section */

/* Begin PBXFileReference section */
		71306CA829DACE3A007A5320 /* HammerTest.app */ = {isa = PBXFileReference; explicitFileType = wrapper.application; includeInIndex = 0; path = HammerTest.app; sourceTree = BUILT_PRODUCTS_DIR; };
		71306CAB29DACE3A007A5320 /* AppDelegate.swift */ = {isa = PBXFileReference; lastKnownFileType = sourcecode.swift; path = AppDelegate.swift; sourceTree = "<group>"; };
		71306CAD29DACE3A007A5320 /* SceneDelegate.swift */ = {isa = PBXFileReference; lastKnownFileType = sourcecode.swift; path = SceneDelegate.swift; sourceTree = "<group>"; };
		71306CB529DACE3A007A5320 /* HammerTest.xcdatamodel */ = {isa = PBXFileReference; lastKnownFileType = wrapper.xcdatamodel; path = HammerTest.xcdatamodel; sourceTree = "<group>"; };
		71306CB729DACE3D007A5320 /* Assets.xcassets */ = {isa = PBXFileReference; lastKnownFileType = folder.assetcatalog; path = Assets.xcassets; sourceTree = "<group>"; };
		71306CBA29DACE3D007A5320 /* Base */ = {isa = PBXFileReference; lastKnownFileType = file.storyboard; name = Base; path = Base.lproj/LaunchScreen.storyboard; sourceTree = "<group>"; };
		71306CBC29DACE3D007A5320 /* Info.plist */ = {isa = PBXFileReference; lastKnownFileType = text.plist.xml; path = Info.plist; sourceTree = "<group>"; };
		71306CC229DAED5A007A5320 /* Food.swift */ = {isa = PBXFileReference; lastKnownFileType = sourcecode.swift; path = Food.swift; sourceTree = "<group>"; };
		71306CD029DAF277007A5320 /* TabBarController.swift */ = {isa = PBXFileReference; lastKnownFileType = sourcecode.swift; path = TabBarController.swift; sourceTree = "<group>"; };
		71306CD529DAF992007A5320 /* NetworkService.swift */ = {isa = PBXFileReference; lastKnownFileType = sourcecode.swift; path = NetworkService.swift; sourceTree = "<group>"; };
		71306CD729DAFCB1007A5320 /* Categories.swift */ = {isa = PBXFileReference; lastKnownFileType = sourcecode.swift; path = Categories.swift; sourceTree = "<group>"; };
		71306CDA29DB0F68007A5320 /* MenuViewController.swift */ = {isa = PBXFileReference; lastKnownFileType = sourcecode.swift; path = MenuViewController.swift; sourceTree = "<group>"; };
		71306CDC29DB0F75007A5320 /* MenuPresenter.swift */ = {isa = PBXFileReference; lastKnownFileType = sourcecode.swift; path = MenuPresenter.swift; sourceTree = "<group>"; };
		71306CE029DB23CA007A5320 /* CityButtonView.swift */ = {isa = PBXFileReference; lastKnownFileType = sourcecode.swift; path = CityButtonView.swift; sourceTree = "<group>"; };
		71306CE229DB4C8C007A5320 /* ListSections.swift */ = {isa = PBXFileReference; lastKnownFileType = sourcecode.swift; path = ListSections.swift; sourceTree = "<group>"; };
		71306CE529DB6B87007A5320 /* BannerCellView.swift */ = {isa = PBXFileReference; lastKnownFileType = sourcecode.swift; path = BannerCellView.swift; sourceTree = "<group>"; };
		71306CE729DB6CA3007A5320 /* CategoryCellView.swift */ = {isa = PBXFileReference; lastKnownFileType = sourcecode.swift; path = CategoryCellView.swift; sourceTree = "<group>"; };
/* End PBXFileReference section */

/* Begin PBXFrameworksBuildPhase section */
		71306CA529DACE3A007A5320 /* Frameworks */ = {
			isa = PBXFrameworksBuildPhase;
			buildActionMask = 2147483647;
			files = (
				71306CC929DAF1FA007A5320 /* Alamofire in Frameworks */,
				71306CCC29DAF20D007A5320 /* SnapKit in Frameworks */,
			);
			runOnlyForDeploymentPostprocessing = 0;
		};
/* End PBXFrameworksBuildPhase section */

/* Begin PBXGroup section */
		71306C9F29DACE39007A5320 = {
			isa = PBXGroup;
			children = (
				71306CAA29DACE3A007A5320 /* HammerTest */,
				71306CA929DACE3A007A5320 /* Products */,
			);
			sourceTree = "<group>";
		};
		71306CA929DACE3A007A5320 /* Products */ = {
			isa = PBXGroup;
			children = (
				71306CA829DACE3A007A5320 /* HammerTest.app */,
			);
			name = Products;
			sourceTree = "<group>";
		};
		71306CAA29DACE3A007A5320 /* HammerTest */ = {
			isa = PBXGroup;
			children = (
				71306CC529DAEF50007A5320 /* Application */,
				71306CCD29DAF249007A5320 /* Modules */,
				71306CD229DAF7E1007A5320 /* ServiceLayer */,
				71306CC629DAEFBE007A5320 /* Resources */,
			);
			path = HammerTest;
			sourceTree = "<group>";
		};
		71306CC429DAEF41007A5320 /* Model */ = {
			isa = PBXGroup;
			children = (
				71306CC229DAED5A007A5320 /* Food.swift */,
				71306CD729DAFCB1007A5320 /* Categories.swift */,
				71306CE229DB4C8C007A5320 /* ListSections.swift */,
			);
			path = Model;
			sourceTree = "<group>";
		};
		71306CC529DAEF50007A5320 /* Application */ = {
			isa = PBXGroup;
			children = (
				71306CAB29DACE3A007A5320 /* AppDelegate.swift */,
				71306CAD29DACE3A007A5320 /* SceneDelegate.swift */,
			);
			path = Application;
			sourceTree = "<group>";
		};
		71306CC629DAEFBE007A5320 /* Resources */ = {
			isa = PBXGroup;
			children = (
				71306CB729DACE3D007A5320 /* Assets.xcassets */,
				71306CB929DACE3D007A5320 /* LaunchScreen.storyboard */,
				71306CBC29DACE3D007A5320 /* Info.plist */,
				71306CB429DACE3A007A5320 /* HammerTest.xcdatamodeld */,
			);
			path = Resources;
			sourceTree = "<group>";
		};
		71306CCD29DAF249007A5320 /* Modules */ = {
			isa = PBXGroup;
			children = (
				71306CD429DAF812007A5320 /* TabBarController */,
				71306CD929DB0243007A5320 /* Menu */,
			);
			path = Modules;
			sourceTree = "<group>";
		};
		71306CD229DAF7E1007A5320 /* ServiceLayer */ = {
			isa = PBXGroup;
			children = (
				71306CD529DAF992007A5320 /* NetworkService.swift */,
			);
			path = ServiceLayer;
			sourceTree = "<group>";
		};
		71306CD429DAF812007A5320 /* TabBarController */ = {
			isa = PBXGroup;
			children = (
				71306CD029DAF277007A5320 /* TabBarController.swift */,
			);
			path = TabBarController;
			sourceTree = "<group>";
		};
		71306CD929DB0243007A5320 /* Menu */ = {
			isa = PBXGroup;
			children = (
				71306CC429DAEF41007A5320 /* Model */,
				71306CDE29DB0F91007A5320 /* View */,
				71306CDF29DB0F9E007A5320 /* Presenter */,
			);
			path = Menu;
			sourceTree = "<group>";
		};
		71306CDE29DB0F91007A5320 /* View */ = {
			isa = PBXGroup;
			children = (
				71306CE429DB6B1D007A5320 /* Cells */,
				71306CDA29DB0F68007A5320 /* MenuViewController.swift */,
				71306CE029DB23CA007A5320 /* CityButtonView.swift */,
			);
			path = View;
			sourceTree = "<group>";
		};
		71306CDF29DB0F9E007A5320 /* Presenter */ = {
			isa = PBXGroup;
			children = (
				71306CDC29DB0F75007A5320 /* MenuPresenter.swift */,
			);
			path = Presenter;
			sourceTree = "<group>";
		};
		71306CE429DB6B1D007A5320 /* Cells */ = {
			isa = PBXGroup;
			children = (
				71306CE529DB6B87007A5320 /* BannerCellView.swift */,
				71306CE729DB6CA3007A5320 /* CategoryCellView.swift */,
			);
			path = Cells;
			sourceTree = "<group>";
		};
/* End PBXGroup section */

/* Begin PBXNativeTarget section */
		71306CA729DACE3A007A5320 /* HammerTest */ = {
			isa = PBXNativeTarget;
			buildConfigurationList = 71306CBF29DACE3D007A5320 /* Build configuration list for PBXNativeTarget "HammerTest" */;
			buildPhases = (
				71306CA429DACE3A007A5320 /* Sources */,
				71306CA529DACE3A007A5320 /* Frameworks */,
				71306CA629DACE3A007A5320 /* Resources */,
			);
			buildRules = (
			);
			dependencies = (
			);
			name = HammerTest;
			packageProductDependencies = (
				71306CC829DAF1FA007A5320 /* Alamofire */,
				71306CCB29DAF20D007A5320 /* SnapKit */,
			);
			productName = HammerTest;
			productReference = 71306CA829DACE3A007A5320 /* HammerTest.app */;
			productType = "com.apple.product-type.application";
		};
/* End PBXNativeTarget section */

/* Begin PBXProject section */
		71306CA029DACE3A007A5320 /* Project object */ = {
			isa = PBXProject;
			attributes = {
				BuildIndependentTargetsInParallel = 1;
				LastSwiftUpdateCheck = 1420;
				LastUpgradeCheck = 1420;
				TargetAttributes = {
					71306CA729DACE3A007A5320 = {
						CreatedOnToolsVersion = 14.2;
					};
				};
			};
			buildConfigurationList = 71306CA329DACE3A007A5320 /* Build configuration list for PBXProject "HammerTest" */;
			compatibilityVersion = "Xcode 14.0";
			developmentRegion = en;
			hasScannedForEncodings = 0;
			knownRegions = (
				en,
				Base,
			);
			mainGroup = 71306C9F29DACE39007A5320;
			packageReferences = (
				71306CC729DAF1FA007A5320 /* XCRemoteSwiftPackageReference "Alamofire" */,
				71306CCA29DAF20D007A5320 /* XCRemoteSwiftPackageReference "SnapKit" */,
			);
			productRefGroup = 71306CA929DACE3A007A5320 /* Products */;
			projectDirPath = "";
			projectRoot = "";
			targets = (
				71306CA729DACE3A007A5320 /* HammerTest */,
			);
		};
/* End PBXProject section */

/* Begin PBXResourcesBuildPhase section */
		71306CA629DACE3A007A5320 /* Resources */ = {
			isa = PBXResourcesBuildPhase;
			buildActionMask = 2147483647;
			files = (
				71306CBB29DACE3D007A5320 /* LaunchScreen.storyboard in Resources */,
				71306CB829DACE3D007A5320 /* Assets.xcassets in Resources */,
			);
			runOnlyForDeploymentPostprocessing = 0;
		};
/* End PBXResourcesBuildPhase section */

/* Begin PBXSourcesBuildPhase section */
		71306CA429DACE3A007A5320 /* Sources */ = {
			isa = PBXSourcesBuildPhase;
			buildActionMask = 2147483647;
			files = (
				71306CB629DACE3A007A5320 /* HammerTest.xcdatamodeld in Sources */,
				71306CD829DAFCB1007A5320 /* Categories.swift in Sources */,
				71306CE829DB6CA3007A5320 /* CategoryCellView.swift in Sources */,
				71306CD129DAF277007A5320 /* TabBarController.swift in Sources */,
				71306CC329DAED5A007A5320 /* Food.swift in Sources */,
				71306CAC29DACE3A007A5320 /* AppDelegate.swift in Sources */,
				71306CD629DAF992007A5320 /* NetworkService.swift in Sources */,
				71306CE129DB23CA007A5320 /* CityButtonView.swift in Sources */,
				71306CDB29DB0F68007A5320 /* MenuViewController.swift in Sources */,
				71306CE629DB6B87007A5320 /* BannerCellView.swift in Sources */,
				71306CAE29DACE3A007A5320 /* SceneDelegate.swift in Sources */,
				71306CE329DB4C8C007A5320 /* ListSections.swift in Sources */,
				71306CDD29DB0F75007A5320 /* MenuPresenter.swift in Sources */,
			);
			runOnlyForDeploymentPostprocessing = 0;
		};
/* End PBXSourcesBuildPhase section */

/* Begin PBXVariantGroup section */
		71306CB929DACE3D007A5320 /* LaunchScreen.storyboard */ = {
			isa = PBXVariantGroup;
			children = (
				71306CBA29DACE3D007A5320 /* Base */,
			);
			name = LaunchScreen.storyboard;
			sourceTree = "<group>";
		};
/* End PBXVariantGroup section */

/* Begin XCBuildConfiguration section */
		71306CBD29DACE3D007A5320 /* Debug */ = {
			isa = XCBuildConfiguration;
			buildSettings = {
				ALWAYS_SEARCH_USER_PATHS = NO;
				CLANG_ANALYZER_NONNULL = YES;
				CLANG_ANALYZER_NUMBER_OBJECT_CONVERSION = YES_AGGRESSIVE;
				CLANG_CXX_LANGUAGE_STANDARD = "gnu++20";
				CLANG_ENABLE_MODULES = YES;
				CLANG_ENABLE_OBJC_ARC = YES;
				CLANG_ENABLE_OBJC_WEAK = YES;
				CLANG_WARN_BLOCK_CAPTURE_AUTORELEASING = YES;
				CLANG_WARN_BOOL_CONVERSION = YES;
				CLANG_WARN_COMMA = YES;
				CLANG_WARN_CONSTANT_CONVERSION = YES;
				CLANG_WARN_DEPRECATED_OBJC_IMPLEMENTATIONS = YES;
				CLANG_WARN_DIRECT_OBJC_ISA_USAGE = YES_ERROR;
				CLANG_WARN_DOCUMENTATION_COMMENTS = YES;
				CLANG_WARN_EMPTY_BODY = YES;
				CLANG_WARN_ENUM_CONVERSION = YES;
				CLANG_WARN_INFINITE_RECURSION = YES;
				CLANG_WARN_INT_CONVERSION = YES;
				CLANG_WARN_NON_LITERAL_NULL_CONVERSION = YES;
				CLANG_WARN_OBJC_IMPLICIT_RETAIN_SELF = YES;
				CLANG_WARN_OBJC_LITERAL_CONVERSION = YES;
				CLANG_WARN_OBJC_ROOT_CLASS = YES_ERROR;
				CLANG_WARN_QUOTED_INCLUDE_IN_FRAMEWORK_HEADER = YES;
				CLANG_WARN_RANGE_LOOP_ANALYSIS = YES;
				CLANG_WARN_STRICT_PROTOTYPES = YES;
				CLANG_WARN_SUSPICIOUS_MOVE = YES;
				CLANG_WARN_UNGUARDED_AVAILABILITY = YES_AGGRESSIVE;
				CLANG_WARN_UNREACHABLE_CODE = YES;
				CLANG_WARN__DUPLICATE_METHOD_MATCH = YES;
				COPY_PHASE_STRIP = NO;
				DEBUG_INFORMATION_FORMAT = dwarf;
				ENABLE_STRICT_OBJC_MSGSEND = YES;
				ENABLE_TESTABILITY = YES;
				GCC_C_LANGUAGE_STANDARD = gnu11;
				GCC_DYNAMIC_NO_PIC = NO;
				GCC_NO_COMMON_BLOCKS = YES;
				GCC_OPTIMIZATION_LEVEL = 0;
				GCC_PREPROCESSOR_DEFINITIONS = (
					"DEBUG=1",
					"$(inherited)",
				);
				GCC_WARN_64_TO_32_BIT_CONVERSION = YES;
				GCC_WARN_ABOUT_RETURN_TYPE = YES_ERROR;
				GCC_WARN_UNDECLARED_SELECTOR = YES;
				GCC_WARN_UNINITIALIZED_AUTOS = YES_AGGRESSIVE;
				GCC_WARN_UNUSED_FUNCTION = YES;
				GCC_WARN_UNUSED_VARIABLE = YES;
				IPHONEOS_DEPLOYMENT_TARGET = 16.2;
				MTL_ENABLE_DEBUG_INFO = INCLUDE_SOURCE;
				MTL_FAST_MATH = YES;
				ONLY_ACTIVE_ARCH = YES;
				SDKROOT = iphoneos;
				SWIFT_ACTIVE_COMPILATION_CONDITIONS = DEBUG;
				SWIFT_OPTIMIZATION_LEVEL = "-Onone";
			};
			name = Debug;
		};
		71306CBE29DACE3D007A5320 /* Release */ = {
			isa = XCBuildConfiguration;
			buildSettings = {
				ALWAYS_SEARCH_USER_PATHS = NO;
				CLANG_ANALYZER_NONNULL = YES;
				CLANG_ANALYZER_NUMBER_OBJECT_CONVERSION = YES_AGGRESSIVE;
				CLANG_CXX_LANGUAGE_STANDARD = "gnu++20";
				CLANG_ENABLE_MODULES = YES;
				CLANG_ENABLE_OBJC_ARC = YES;
				CLANG_ENABLE_OBJC_WEAK = YES;
				CLANG_WARN_BLOCK_CAPTURE_AUTORELEASING = YES;
				CLANG_WARN_BOOL_CONVERSION = YES;
				CLANG_WARN_COMMA = YES;
				CLANG_WARN_CONSTANT_CONVERSION = YES;
				CLANG_WARN_DEPRECATED_OBJC_IMPLEMENTATIONS = YES;
				CLANG_WARN_DIRECT_OBJC_ISA_USAGE = YES_ERROR;
				CLANG_WARN_DOCUMENTATION_COMMENTS = YES;
				CLANG_WARN_EMPTY_BODY = YES;
				CLANG_WARN_ENUM_CONVERSION = YES;
				CLANG_WARN_INFINITE_RECURSION = YES;
				CLANG_WARN_INT_CONVERSION = YES;
				CLANG_WARN_NON_LITERAL_NULL_CONVERSION = YES;
				CLANG_WARN_OBJC_IMPLICIT_RETAIN_SELF = YES;
				CLANG_WARN_OBJC_LITERAL_CONVERSION = YES;
				CLANG_WARN_OBJC_ROOT_CLASS = YES_ERROR;
				CLANG_WARN_QUOTED_INCLUDE_IN_FRAMEWORK_HEADER = YES;
				CLANG_WARN_RANGE_LOOP_ANALYSIS = YES;
				CLANG_WARN_STRICT_PROTOTYPES = YES;
				CLANG_WARN_SUSPICIOUS_MOVE = YES;
				CLANG_WARN_UNGUARDED_AVAILABILITY = YES_AGGRESSIVE;
				CLANG_WARN_UNREACHABLE_CODE = YES;
				CLANG_WARN__DUPLICATE_METHOD_MATCH = YES;
				COPY_PHASE_STRIP = NO;
				DEBUG_INFORMATION_FORMAT = "dwarf-with-dsym";
				ENABLE_NS_ASSERTIONS = NO;
				ENABLE_STRICT_OBJC_MSGSEND = YES;
				GCC_C_LANGUAGE_STANDARD = gnu11;
				GCC_NO_COMMON_BLOCKS = YES;
				GCC_WARN_64_TO_32_BIT_CONVERSION = YES;
				GCC_WARN_ABOUT_RETURN_TYPE = YES_ERROR;
				GCC_WARN_UNDECLARED_SELECTOR = YES;
				GCC_WARN_UNINITIALIZED_AUTOS = YES_AGGRESSIVE;
				GCC_WARN_UNUSED_FUNCTION = YES;
				GCC_WARN_UNUSED_VARIABLE = YES;
				IPHONEOS_DEPLOYMENT_TARGET = 16.2;
				MTL_ENABLE_DEBUG_INFO = NO;
				MTL_FAST_MATH = YES;
				SDKROOT = iphoneos;
				SWIFT_COMPILATION_MODE = wholemodule;
				SWIFT_OPTIMIZATION_LEVEL = "-O";
				VALIDATE_PRODUCT = YES;
			};
			name = Release;
		};
		71306CC029DACE3D007A5320 /* Debug */ = {
			isa = XCBuildConfiguration;
			buildSettings = {
				ASSETCATALOG_COMPILER_APPICON_NAME = AppIcon;
				ASSETCATALOG_COMPILER_GLOBAL_ACCENT_COLOR_NAME = AccentColor;
				CODE_SIGN_STYLE = Automatic;
				CURRENT_PROJECT_VERSION = 1;
				DEVELOPMENT_TEAM = M2GX8D8XT7;
				GENERATE_INFOPLIST_FILE = YES;
				INFOPLIST_FILE = HammerTest/Resources/Info.plist;
				INFOPLIST_KEY_UIApplicationSupportsIndirectInputEvents = YES;
				INFOPLIST_KEY_UILaunchStoryboardName = LaunchScreen;
				INFOPLIST_KEY_UISupportedInterfaceOrientations_iPad = "UIInterfaceOrientationPortrait UIInterfaceOrientationPortraitUpsideDown UIInterfaceOrientationLandscapeLeft UIInterfaceOrientationLandscapeRight";
				INFOPLIST_KEY_UISupportedInterfaceOrientations_iPhone = "UIInterfaceOrientationPortrait UIInterfaceOrientationLandscapeLeft UIInterfaceOrientationLandscapeRight";
				IPHONEOS_DEPLOYMENT_TARGET = 15.0;
				LD_RUNPATH_SEARCH_PATHS = (
					"$(inherited)",
					"@executable_path/Frameworks",
				);
				MARKETING_VERSION = 1.0;
				PRODUCT_BUNDLE_IDENTIFIER = agency.alloe.HammerTest;
				PRODUCT_NAME = "$(TARGET_NAME)";
				SWIFT_EMIT_LOC_STRINGS = YES;
				SWIFT_VERSION = 5.0;
				TARGETED_DEVICE_FAMILY = "1,2";
			};
			name = Debug;
		};
		71306CC129DACE3D007A5320 /* Release */ = {
			isa = XCBuildConfiguration;
			buildSettings = {
				ASSETCATALOG_COMPILER_APPICON_NAME = AppIcon;
				ASSETCATALOG_COMPILER_GLOBAL_ACCENT_COLOR_NAME = AccentColor;
				CODE_SIGN_STYLE = Automatic;
				CURRENT_PROJECT_VERSION = 1;
				DEVELOPMENT_TEAM = M2GX8D8XT7;
				GENERATE_INFOPLIST_FILE = YES;
				INFOPLIST_FILE = HammerTest/Resources/Info.plist;
				INFOPLIST_KEY_UIApplicationSupportsIndirectInputEvents = YES;
				INFOPLIST_KEY_UILaunchStoryboardName = LaunchScreen;
				INFOPLIST_KEY_UISupportedInterfaceOrientations_iPad = "UIInterfaceOrientationPortrait UIInterfaceOrientationPortraitUpsideDown UIInterfaceOrientationLandscapeLeft UIInterfaceOrientationLandscapeRight";
				INFOPLIST_KEY_UISupportedInterfaceOrientations_iPhone = "UIInterfaceOrientationPortrait UIInterfaceOrientationLandscapeLeft UIInterfaceOrientationLandscapeRight";
				IPHONEOS_DEPLOYMENT_TARGET = 15.0;
				LD_RUNPATH_SEARCH_PATHS = (
					"$(inherited)",
					"@executable_path/Frameworks",
				);
				MARKETING_VERSION = 1.0;
				PRODUCT_BUNDLE_IDENTIFIER = agency.alloe.HammerTest;
				PRODUCT_NAME = "$(TARGET_NAME)";
				SWIFT_EMIT_LOC_STRINGS = YES;
				SWIFT_VERSION = 5.0;
				TARGETED_DEVICE_FAMILY = "1,2";
			};
			name = Release;
		};
/* End XCBuildConfiguration section */

/* Begin XCConfigurationList section */
		71306CA329DACE3A007A5320 /* Build configuration list for PBXProject "HammerTest" */ = {
			isa = XCConfigurationList;
			buildConfigurations = (
				71306CBD29DACE3D007A5320 /* Debug */,
				71306CBE29DACE3D007A5320 /* Release */,
			);
			defaultConfigurationIsVisible = 0;
			defaultConfigurationName = Release;
		};
		71306CBF29DACE3D007A5320 /* Build configuration list for PBXNativeTarget "HammerTest" */ = {
			isa = XCConfigurationList;
			buildConfigurations = (
				71306CC029DACE3D007A5320 /* Debug */,
				71306CC129DACE3D007A5320 /* Release */,
			);
			defaultConfigurationIsVisible = 0;
			defaultConfigurationName = Release;
		};
/* End XCConfigurationList section */

/* Begin XCRemoteSwiftPackageReference section */
		71306CC729DAF1FA007A5320 /* XCRemoteSwiftPackageReference "Alamofire" */ = {
			isa = XCRemoteSwiftPackageReference;
			repositoryURL = "https://github.com/Alamofire/Alamofire.git";
			requirement = {
				kind = upToNextMajorVersion;
				minimumVersion = 5.0.0;
			};
		};
		71306CCA29DAF20D007A5320 /* XCRemoteSwiftPackageReference "SnapKit" */ = {
			isa = XCRemoteSwiftPackageReference;
			repositoryURL = "https://github.com/SnapKit/SnapKit.git";
			requirement = {
				kind = upToNextMajorVersion;
				minimumVersion = 5.0.0;
			};
		};
/* End XCRemoteSwiftPackageReference section */

/* Begin XCSwiftPackageProductDependency section */
		71306CC829DAF1FA007A5320 /* Alamofire */ = {
			isa = XCSwiftPackageProductDependency;
			package = 71306CC729DAF1FA007A5320 /* XCRemoteSwiftPackageReference "Alamofire" */;
			productName = Alamofire;
		};
		71306CCB29DAF20D007A5320 /* SnapKit */ = {
			isa = XCSwiftPackageProductDependency;
			package = 71306CCA29DAF20D007A5320 /* XCRemoteSwiftPackageReference "SnapKit" */;
			productName = SnapKit;
		};
/* End XCSwiftPackageProductDependency section */

/* Begin XCVersionGroup section */
		71306CB429DACE3A007A5320 /* HammerTest.xcdatamodeld */ = {
			isa = XCVersionGroup;
			children = (
				71306CB529DACE3A007A5320 /* HammerTest.xcdatamodel */,
			);
			currentVersion = 71306CB529DACE3A007A5320 /* HammerTest.xcdatamodel */;
			path = HammerTest.xcdatamodeld;
			sourceTree = "<group>";
			versionGroupType = wrapper.xcdatamodel;
		};
/* End XCVersionGroup section */
	};
	rootObject = 71306CA029DACE3A007A5320 /* Project object */;
}
